
Microsoft Visual Studio Solution File, Format Version 11.00
# Visual Studio 2010
Project("{FAE04EC0-301F-11D3-BF4B-00C04F79EFBC}") = "DDD_project", "Assembly-CSharp.csproj", "{718429B0-CE95-1BE1-5972-ED63EF3A75CC}"
EndProject
Project("{FAE04EC0-301F-11D3-BF4B-00C04F79EFBC}") = "DDD_project", "Assembly-CSharp-firstpass.csproj", "{F87E312B-D987-B86F-13E5-87AA46DDB545}"
EndProject
Project("{FAE04EC0-301F-11D3-BF4B-00C04F79EFBC}") = "DDD_project", "Assembly-CSharp-Editor.csproj", "{1B9174DC-A673-EABB-1723-001DBBA689E0}"
EndProject
Project("{FAE04EC0-301F-11D3-BF4B-00C04F79EFBC}") = "DDD_project", "Assembly-CSharp-Editor-firstpass.csproj", "{F008BE5D-F9F7-D8B5-F631-1DB0EB31133D}"
EndProject
Global
	GlobalSection(SolutionConfigurationPlatforms) = preSolution
		Debug|Any CPU = Debug|Any CPU
		Release|Any CPU = Release|Any CPU
	EndGlobalSection
	GlobalSection(ProjectConfigurationPlatforms) = postSolution
		{718429B0-CE95-1BE1-5972-ED63EF3A75CC}.Debug|Any CPU.ActiveCfg = Debug|Any CPU
		{718429B0-CE95-1BE1-5972-ED63EF3A75CC}.Debug|Any CPU.Build.0 = Debug|Any CPU
		{718429B0-CE95-1BE1-5972-ED63EF3A75CC}.Release|Any CPU.ActiveCfg = Release|Any CPU
		{718429B0-CE95-1BE1-5972-ED63EF3A75CC}.Release|Any CPU.Build.0 = Release|Any CPU
		{F87E312B-D987-B86F-13E5-87AA46DDB545}.Debug|Any CPU.ActiveCfg = Debug|Any CPU
		{F87E312B-D987-B86F-13E5-87AA46DDB545}.Debug|Any CPU.Build.0 = Debug|Any CPU
		{F87E312B-D987-B86F-13E5-87AA46DDB545}.Release|Any CPU.ActiveCfg = Release|Any CPU
		{F87E312B-D987-B86F-13E5-87AA46DDB545}.Release|Any CPU.Build.0 = Release|Any CPU
		{1B9174DC-A673-EABB-1723-001DBBA689E0}.Debug|Any CPU.ActiveCfg = Debug|Any CPU
		{1B9174DC-A673-EABB-1723-001DBBA689E0}.Debug|Any CPU.Build.0 = Debug|Any CPU
		{1B9174DC-A673-EABB-1723-001DBBA689E0}.Release|Any CPU.ActiveCfg = Release|Any CPU
		{1B9174DC-A673-EABB-1723-001DBBA689E0}.Release|Any CPU.Build.0 = Release|Any CPU
		{F008BE5D-F9F7-D8B5-F631-1DB0EB31133D}.Debug|Any CPU.ActiveCfg = Debug|Any CPU
		{F008BE5D-F9F7-D8B5-F631-1DB0EB31133D}.Debug|Any CPU.Build.0 = Debug|Any CPU
		{F008BE5D-F9F7-D8B5-F631-1DB0EB31133D}.Release|Any CPU.ActiveCfg = Release|Any CPU
		{F008BE5D-F9F7-D8B5-F631-1DB0EB31133D}.Release|Any CPU.Build.0 = Release|Any CPU
	EndGlobalSection
	GlobalSection(SolutionProperties) = preSolution
		HideSolutionNode = FALSE
	EndGlobalSection
	GlobalSection(MonoDevelopProperties) = preSolution
		StartupItem = Assembly-CSharp.csproj
	EndGlobalSection
EndGlobal
